
Microsoft Visual Studio Solution File, Format Version 12.00
# Visual Studio 15
VisualStudioVersion = 15.0.27004.2008
MinimumVisualStudioVersion = 10.0.40219.1
Project("{FAE04EC0-301F-11D3-BF4B-00C04F79EFBC}") = "AbstractFactory", "AbstractFactory\AbstractFactory.csproj", "{F7F3347B-AD0D-4354-88DC-59C11B81DD4A}"
EndProject
Project("{FAE04EC0-301F-11D3-BF4B-00C04F79EFBC}") = "AbstractFactory_Net", "AbstractFactory_Net\AbstractFactory_Net.csproj", "{91CE7BC1-391C-49D2-B2B2-2F086703484B}"
EndProject
Global
	GlobalSection(SolutionConfigurationPlatforms) = preSolution
		Debug|Any CPU = Debug|Any CPU
		Release|Any CPU = Release|Any CPU
	EndGlobalSection
	GlobalSection(ProjectConfigurationPlatforms) = postSolution
		{F7F3347B-AD0D-4354-88DC-59C11B81DD4A}.Debug|Any CPU.ActiveCfg = Debug|Any CPU
		{F7F3347B-AD0D-4354-88DC-59C11B81DD4A}.Debug|Any CPU.Build.0 = Debug|Any CPU
		{F7F3347B-AD0D-4354-88DC-59C11B81DD4A}.Release|Any CPU.ActiveCfg = Release|Any CPU
		{F7F3347B-AD0D-4354-88DC-59C11B81DD4A}.Release|Any CPU.Build.0 = Release|Any CPU
		{91CE7BC1-391C-49D2-B2B2-2F086703484B}.Debug|Any CPU.ActiveCfg = Debug|Any CPU
		{91CE7BC1-391C-49D2-B2B2-2F086703484B}.Debug|Any CPU.Build.0 = Debug|Any CPU
		{91CE7BC1-391C-49D2-B2B2-2F086703484B}.Release|Any CPU.ActiveCfg = Release|Any CPU
		{91CE7BC1-391C-49D2-B2B2-2F086703484B}.Release|Any CPU.Build.0 = Release|Any CPU
	EndGlobalSection
	GlobalSection(SolutionProperties) = preSolution
		HideSolutionNode = FALSE
	EndGlobalSection
	GlobalSection(ExtensibilityGlobals) = postSolution
		SolutionGuid = {924A83F2-4D31-40B0-A144-B417392EA286}
	EndGlobalSection
EndGlobal
