
Microsoft Visual Studio Solution File, Format Version 12.00
# Visual Studio 15
VisualStudioVersion = 15.0.27004.2008
MinimumVisualStudioVersion = 10.0.40219.1
Project("{FAE04EC0-301F-11D3-BF4B-00C04F79EFBC}") = "14_Collection", "14_Collection\14_Collection.csproj", "{CCD5AAFB-E72B-4115-9529-81C50FF1B4FF}"
EndProject
Global
	GlobalSection(SolutionConfigurationPlatforms) = preSolution
		Debug|Any CPU = Debug|Any CPU
		Release|Any CPU = Release|Any CPU
	EndGlobalSection
	GlobalSection(ProjectConfigurationPlatforms) = postSolution
		{CCD5AAFB-E72B-4115-9529-81C50FF1B4FF}.Debug|Any CPU.ActiveCfg = Debug|Any CPU
		{CCD5AAFB-E72B-4115-9529-81C50FF1B4FF}.Debug|Any CPU.Build.0 = Debug|Any CPU
		{CCD5AAFB-E72B-4115-9529-81C50FF1B4FF}.Release|Any CPU.ActiveCfg = Release|Any CPU
		{CCD5AAFB-E72B-4115-9529-81C50FF1B4FF}.Release|Any CPU.Build.0 = Release|Any CPU
	EndGlobalSection
	GlobalSection(SolutionProperties) = preSolution
		HideSolutionNode = FALSE
	EndGlobalSection
	GlobalSection(ExtensibilityGlobals) = postSolution
		SolutionGuid = {36F9251A-5727-4C0F-8A60-D98E4B4EDC43}
	EndGlobalSection
EndGlobal
