
Microsoft Visual Studio Solution File, Format Version 12.00
# Visual Studio 15
VisualStudioVersion = 15.0.27004.2008
MinimumVisualStudioVersion = 10.0.40219.1
Project("{FAE04EC0-301F-11D3-BF4B-00C04F79EFBC}") = "Equals", "16_ObjectMetod\Equals.csproj", "{D6D3F162-DC91-4189-9E00-C19AD3406F57}"
EndProject
Project("{FAE04EC0-301F-11D3-BF4B-00C04F79EFBC}") = "MemberwiseClone", "MemberwiseClone\MemberwiseClone.csproj", "{0CA8DF00-817D-4487-9F4B-AEE9F48368B5}"
EndProject
Global
	GlobalSection(SolutionConfigurationPlatforms) = preSolution
		Debug|Any CPU = Debug|Any CPU
		Release|Any CPU = Release|Any CPU
	EndGlobalSection
	GlobalSection(ProjectConfigurationPlatforms) = postSolution
		{D6D3F162-DC91-4189-9E00-C19AD3406F57}.Debug|Any CPU.ActiveCfg = Debug|Any CPU
		{D6D3F162-DC91-4189-9E00-C19AD3406F57}.Debug|Any CPU.Build.0 = Debug|Any CPU
		{D6D3F162-DC91-4189-9E00-C19AD3406F57}.Release|Any CPU.ActiveCfg = Release|Any CPU
		{D6D3F162-DC91-4189-9E00-C19AD3406F57}.Release|Any CPU.Build.0 = Release|Any CPU
		{0CA8DF00-817D-4487-9F4B-AEE9F48368B5}.Debug|Any CPU.ActiveCfg = Debug|Any CPU
		{0CA8DF00-817D-4487-9F4B-AEE9F48368B5}.Debug|Any CPU.Build.0 = Debug|Any CPU
		{0CA8DF00-817D-4487-9F4B-AEE9F48368B5}.Release|Any CPU.ActiveCfg = Release|Any CPU
		{0CA8DF00-817D-4487-9F4B-AEE9F48368B5}.Release|Any CPU.Build.0 = Release|Any CPU
	EndGlobalSection
	GlobalSection(SolutionProperties) = preSolution
		HideSolutionNode = FALSE
	EndGlobalSection
	GlobalSection(ExtensibilityGlobals) = postSolution
		SolutionGuid = {A3EF24EE-6ED2-4EEB-90AB-3530D9F5676A}
	EndGlobalSection
EndGlobal
