
Microsoft Visual Studio Solution File, Format Version 12.00
# Visual Studio 15
VisualStudioVersion = 15.0.27130.2003
MinimumVisualStudioVersion = 10.0.40219.1
Project("{FAE04EC0-301F-11D3-BF4B-00C04F79EFBC}") = "Adapter", "Adapter\Adapter.csproj", "{DD4FED4D-8A6A-430D-B3D1-E9D0D8093EB5}"
EndProject
Project("{FAE04EC0-301F-11D3-BF4B-00C04F79EFBC}") = "AdapterPlugable", "AdapterPlugable\AdapterPlugable.csproj", "{628AAFEC-459C-4902-A692-2165E343A3B5}"
EndProject
Project("{FAE04EC0-301F-11D3-BF4B-00C04F79EFBC}") = "Birdge", "Birdge\Birdge.csproj", "{88A36DCC-47C6-4D40-8714-DE8126C8EB5E}"
EndProject
Project("{FAE04EC0-301F-11D3-BF4B-00C04F79EFBC}") = "Composite", "Composite\Composite.csproj", "{66BC7630-70AF-4295-B936-F29F0F7E6577}"
EndProject
Project("{FAE04EC0-301F-11D3-BF4B-00C04F79EFBC}") = "Decorator", "Decorator\Decorator.csproj", "{7707D362-8C6E-4517-A947-9A42EB76BF12}"
EndProject
Global
	GlobalSection(SolutionConfigurationPlatforms) = preSolution
		Debug|Any CPU = Debug|Any CPU
		Release|Any CPU = Release|Any CPU
	EndGlobalSection
	GlobalSection(ProjectConfigurationPlatforms) = postSolution
		{DD4FED4D-8A6A-430D-B3D1-E9D0D8093EB5}.Debug|Any CPU.ActiveCfg = Debug|Any CPU
		{DD4FED4D-8A6A-430D-B3D1-E9D0D8093EB5}.Debug|Any CPU.Build.0 = Debug|Any CPU
		{DD4FED4D-8A6A-430D-B3D1-E9D0D8093EB5}.Release|Any CPU.ActiveCfg = Release|Any CPU
		{DD4FED4D-8A6A-430D-B3D1-E9D0D8093EB5}.Release|Any CPU.Build.0 = Release|Any CPU
		{628AAFEC-459C-4902-A692-2165E343A3B5}.Debug|Any CPU.ActiveCfg = Debug|Any CPU
		{628AAFEC-459C-4902-A692-2165E343A3B5}.Debug|Any CPU.Build.0 = Debug|Any CPU
		{628AAFEC-459C-4902-A692-2165E343A3B5}.Release|Any CPU.ActiveCfg = Release|Any CPU
		{628AAFEC-459C-4902-A692-2165E343A3B5}.Release|Any CPU.Build.0 = Release|Any CPU
		{88A36DCC-47C6-4D40-8714-DE8126C8EB5E}.Debug|Any CPU.ActiveCfg = Debug|Any CPU
		{88A36DCC-47C6-4D40-8714-DE8126C8EB5E}.Debug|Any CPU.Build.0 = Debug|Any CPU
		{88A36DCC-47C6-4D40-8714-DE8126C8EB5E}.Release|Any CPU.ActiveCfg = Release|Any CPU
		{88A36DCC-47C6-4D40-8714-DE8126C8EB5E}.Release|Any CPU.Build.0 = Release|Any CPU
		{66BC7630-70AF-4295-B936-F29F0F7E6577}.Debug|Any CPU.ActiveCfg = Debug|Any CPU
		{66BC7630-70AF-4295-B936-F29F0F7E6577}.Debug|Any CPU.Build.0 = Debug|Any CPU
		{66BC7630-70AF-4295-B936-F29F0F7E6577}.Release|Any CPU.ActiveCfg = Release|Any CPU
		{66BC7630-70AF-4295-B936-F29F0F7E6577}.Release|Any CPU.Build.0 = Release|Any CPU
		{7707D362-8C6E-4517-A947-9A42EB76BF12}.Debug|Any CPU.ActiveCfg = Debug|Any CPU
		{7707D362-8C6E-4517-A947-9A42EB76BF12}.Debug|Any CPU.Build.0 = Debug|Any CPU
		{7707D362-8C6E-4517-A947-9A42EB76BF12}.Release|Any CPU.ActiveCfg = Release|Any CPU
		{7707D362-8C6E-4517-A947-9A42EB76BF12}.Release|Any CPU.Build.0 = Release|Any CPU
	EndGlobalSection
	GlobalSection(SolutionProperties) = preSolution
		HideSolutionNode = FALSE
	EndGlobalSection
	GlobalSection(ExtensibilityGlobals) = postSolution
		SolutionGuid = {E1E281BA-88BC-42A8-B2AE-8FECC4306E75}
	EndGlobalSection
EndGlobal
