
Microsoft Visual Studio Solution File, Format Version 12.00
# Visual Studio 15
VisualStudioVersion = 15.0.27004.2008
MinimumVisualStudioVersion = 10.0.40219.1
Project("{FAE04EC0-301F-11D3-BF4B-00C04F79EFBC}") = "11_Generics", "11_Generics\11_Generics.csproj", "{BF0B5B32-18B5-4D9E-AFE8-52F787C24956}"
EndProject
Global
	GlobalSection(SolutionConfigurationPlatforms) = preSolution
		Debug|Any CPU = Debug|Any CPU
		Release|Any CPU = Release|Any CPU
	EndGlobalSection
	GlobalSection(ProjectConfigurationPlatforms) = postSolution
		{BF0B5B32-18B5-4D9E-AFE8-52F787C24956}.Debug|Any CPU.ActiveCfg = Debug|Any CPU
		{BF0B5B32-18B5-4D9E-AFE8-52F787C24956}.Debug|Any CPU.Build.0 = Debug|Any CPU
		{BF0B5B32-18B5-4D9E-AFE8-52F787C24956}.Release|Any CPU.ActiveCfg = Release|Any CPU
		{BF0B5B32-18B5-4D9E-AFE8-52F787C24956}.Release|Any CPU.Build.0 = Release|Any CPU
	EndGlobalSection
	GlobalSection(SolutionProperties) = preSolution
		HideSolutionNode = FALSE
	EndGlobalSection
	GlobalSection(ExtensibilityGlobals) = postSolution
		SolutionGuid = {B809FC79-AA67-44BC-A445-FA5487D5ED72}
	EndGlobalSection
EndGlobal
